// !$*UTF8*$!
{
	archiveVersion = 1;
	classes = {
	};
	objectVersion = 51;
	objects = {

/* Begin PBXBuildFile section */
		4AE1FD7DB78152F36D8BB8AE /* Pods_ME.framework in Frameworks */ = {isa = PBXBuildFile; fileRef = C46CD94B032EB9942F488376 /* Pods_ME.framework */; };
		D639B8C62551D6F60082B875 /* AppDelegate.swift in Sources */ = {isa = PBXBuildFile; fileRef = D639B8C52551D6F60082B875 /* AppDelegate.swift */; };
		D639B8C82551D6F60082B875 /* SceneDelegate.swift in Sources */ = {isa = PBXBuildFile; fileRef = D639B8C72551D6F60082B875 /* SceneDelegate.swift */; };
		D639B8CA2551D6F60082B875 /* HomeViewController.swift in Sources */ = {isa = PBXBuildFile; fileRef = D639B8C92551D6F60082B875 /* HomeViewController.swift */; };
		D639B8CD2551D6F60082B875 /* Main.storyboard in Resources */ = {isa = PBXBuildFile; fileRef = D639B8CB2551D6F60082B875 /* Main.storyboard */; };
		D639B8CF2551D6F90082B875 /* Assets.xcassets in Resources */ = {isa = PBXBuildFile; fileRef = D639B8CE2551D6F90082B875 /* Assets.xcassets */; };
		D639B8D22551D6F90082B875 /* LaunchScreen.storyboard in Resources */ = {isa = PBXBuildFile; fileRef = D639B8D02551D6F90082B875 /* LaunchScreen.storyboard */; };
		D671477A2552FA7E008D2429 /* CustomBtn.swift in Sources */ = {isa = PBXBuildFile; fileRef = D67147792552FA7E008D2429 /* CustomBtn.swift */; };
		D6F06AFD2552078D001BBE69 /* DetailsTableViewController.swift in Sources */ = {isa = PBXBuildFile; fileRef = D6F06AFC2552078D001BBE69 /* DetailsTableViewController.swift */; };
		D6F06B0025520A7C001BBE69 /* Realm.swift in Sources */ = {isa = PBXBuildFile; fileRef = D6F06AFF25520A7C001BBE69 /* Realm.swift */; };
		D6F06B0525520AA4001BBE69 /* Tasks.swift in Sources */ = {isa = PBXBuildFile; fileRef = D6F06B0425520AA4001BBE69 /* Tasks.swift */; };
		D6F06B0D255211B5001BBE69 /* DoNowTableVC.swift in Sources */ = {isa = PBXBuildFile; fileRef = D6F06B0C255211B5001BBE69 /* DoNowTableVC.swift */; };
		D6F06B1025521200001BBE69 /* SwipeTableVC.swift in Sources */ = {isa = PBXBuildFile; fileRef = D6F06B0F25521200001BBE69 /* SwipeTableVC.swift */; };
		D6F06B1425521330001BBE69 /* ScheduleTableVC.swift in Sources */ = {isa = PBXBuildFile; fileRef = D6F06B1325521330001BBE69 /* ScheduleTableVC.swift */; };
		D6F06B182552134C001BBE69 /* DelegateTableVC.swift in Sources */ = {isa = PBXBuildFile; fileRef = D6F06B172552134C001BBE69 /* DelegateTableVC.swift */; };
		D6F06B1B2552135D001BBE69 /* DeleteTableVC.swift in Sources */ = {isa = PBXBuildFile; fileRef = D6F06B1A2552135D001BBE69 /* DeleteTableVC.swift */; };
		D6F06B1E25521599001BBE69 /* UserNotificationManager.swift in Sources */ = {isa = PBXBuildFile; fileRef = D6F06B1D25521599001BBE69 /* UserNotificationManager.swift */; };
/* End PBXBuildFile section */

/* Begin PBXFileReference section */
		1EED8E76E7BB525198C3F20E /* Pods-ME.release.xcconfig */ = {isa = PBXFileReference; includeInIndex = 1; lastKnownFileType = text.xcconfig; name = "Pods-ME.release.xcconfig"; path = "Target Support Files/Pods-ME/Pods-ME.release.xcconfig"; sourceTree = "<group>"; };
		B9ABBB9A50EC987A1192DD10 /* Pods-ME.debug.xcconfig */ = {isa = PBXFileReference; includeInIndex = 1; lastKnownFileType = text.xcconfig; name = "Pods-ME.debug.xcconfig"; path = "Target Support Files/Pods-ME/Pods-ME.debug.xcconfig"; sourceTree = "<group>"; };
		C46CD94B032EB9942F488376 /* Pods_ME.framework */ = {isa = PBXFileReference; explicitFileType = wrapper.framework; includeInIndex = 0; path = Pods_ME.framework; sourceTree = BUILT_PRODUCTS_DIR; };
		D639B8C22551D6F60082B875 /* ME.app */ = {isa = PBXFileReference; explicitFileType = wrapper.application; includeInIndex = 0; path = ME.app; sourceTree = BUILT_PRODUCTS_DIR; };
		D639B8C52551D6F60082B875 /* AppDelegate.swift */ = {isa = PBXFileReference; lastKnownFileType = sourcecode.swift; path = AppDelegate.swift; sourceTree = "<group>"; };
		D639B8C72551D6F60082B875 /* SceneDelegate.swift */ = {isa = PBXFileReference; lastKnownFileType = sourcecode.swift; path = SceneDelegate.swift; sourceTree = "<group>"; };
		D639B8C92551D6F60082B875 /* HomeViewController.swift */ = {isa = PBXFileReference; lastKnownFileType = sourcecode.swift; path = HomeViewController.swift; sourceTree = "<group>"; };
		D639B8CC2551D6F60082B875 /* Base */ = {isa = PBXFileReference; lastKnownFileType = file.storyboard; name = Base; path = Base.lproj/Main.storyboard; sourceTree = "<group>"; };
		D639B8CE2551D6F90082B875 /* Assets.xcassets */ = {isa = PBXFileReference; lastKnownFileType = folder.assetcatalog; path = Assets.xcassets; sourceTree = "<group>"; };
		D639B8D12551D6F90082B875 /* Base */ = {isa = PBXFileReference; lastKnownFileType = file.storyboard; name = Base; path = Base.lproj/LaunchScreen.storyboard; sourceTree = "<group>"; };
		D639B8D32551D6F90082B875 /* Info.plist */ = {isa = PBXFileReference; lastKnownFileType = text.plist.xml; path = Info.plist; sourceTree = "<group>"; };
		D67147792552FA7E008D2429 /* CustomBtn.swift */ = {isa = PBXFileReference; lastKnownFileType = sourcecode.swift; path = CustomBtn.swift; sourceTree = "<group>"; };
		D6F06AFC2552078D001BBE69 /* DetailsTableViewController.swift */ = {isa = PBXFileReference; lastKnownFileType = sourcecode.swift; path = DetailsTableViewController.swift; sourceTree = "<group>"; };
		D6F06AFF25520A7C001BBE69 /* Realm.swift */ = {isa = PBXFileReference; lastKnownFileType = sourcecode.swift; path = Realm.swift; sourceTree = "<group>"; };
		D6F06B0425520AA4001BBE69 /* Tasks.swift */ = {isa = PBXFileReference; lastKnownFileType = sourcecode.swift; path = Tasks.swift; sourceTree = "<group>"; };
		D6F06B0C255211B5001BBE69 /* DoNowTableVC.swift */ = {isa = PBXFileReference; lastKnownFileType = sourcecode.swift; path = DoNowTableVC.swift; sourceTree = "<group>"; };
		D6F06B0F25521200001BBE69 /* SwipeTableVC.swift */ = {isa = PBXFileReference; lastKnownFileType = sourcecode.swift; path = SwipeTableVC.swift; sourceTree = "<group>"; };
		D6F06B1325521330001BBE69 /* ScheduleTableVC.swift */ = {isa = PBXFileReference; lastKnownFileType = sourcecode.swift; path = ScheduleTableVC.swift; sourceTree = "<group>"; };
		D6F06B172552134C001BBE69 /* DelegateTableVC.swift */ = {isa = PBXFileReference; lastKnownFileType = sourcecode.swift; path = DelegateTableVC.swift; sourceTree = "<group>"; };
		D6F06B1A2552135D001BBE69 /* DeleteTableVC.swift */ = {isa = PBXFileReference; lastKnownFileType = sourcecode.swift; path = DeleteTableVC.swift; sourceTree = "<group>"; };
		D6F06B1D25521599001BBE69 /* UserNotificationManager.swift */ = {isa = PBXFileReference; lastKnownFileType = sourcecode.swift; path = UserNotificationManager.swift; sourceTree = "<group>"; };
/* End PBXFileReference section */

/* Begin PBXFrameworksBuildPhase section */
		D639B8BF2551D6F60082B875 /* Frameworks */ = {
			isa = PBXFrameworksBuildPhase;
			buildActionMask = 2147483647;
			files = (
				4AE1FD7DB78152F36D8BB8AE /* Pods_ME.framework in Frameworks */,
			);
			runOnlyForDeploymentPostprocessing = 0;
		};
/* End PBXFrameworksBuildPhase section */

/* Begin PBXGroup section */
		5A9E7BDD73C5122AD30DAD85 /* Frameworks */ = {
			isa = PBXGroup;
			children = (
				C46CD94B032EB9942F488376 /* Pods_ME.framework */,
			);
			name = Frameworks;
			sourceTree = "<group>";
		};
		CA9D1FC4CDAED79DBEAB021B /* Pods */ = {
			isa = PBXGroup;
			children = (
				B9ABBB9A50EC987A1192DD10 /* Pods-ME.debug.xcconfig */,
				1EED8E76E7BB525198C3F20E /* Pods-ME.release.xcconfig */,
			);
			path = Pods;
			sourceTree = "<group>";
		};
		D639B8B92551D6F60082B875 = {
			isa = PBXGroup;
			children = (
				D639B8C42551D6F60082B875 /* ME */,
				D639B8C32551D6F60082B875 /* Products */,
				CA9D1FC4CDAED79DBEAB021B /* Pods */,
				5A9E7BDD73C5122AD30DAD85 /* Frameworks */,
			);
			sourceTree = "<group>";
		};
		D639B8C32551D6F60082B875 /* Products */ = {
			isa = PBXGroup;
			children = (
				D639B8C22551D6F60082B875 /* ME.app */,
			);
			name = Products;
			sourceTree = "<group>";
		};
		D639B8C42551D6F60082B875 /* ME */ = {
			isa = PBXGroup;
			children = (
				D639B8DA2551D7000082B875 /* APP */,
				D6F06B0225520A90001BBE69 /* Models */,
				D639B8DC2551D70C0082B875 /* View */,
				D639B8DE2551D7180082B875 /* Controllers */,
				D639B8CE2551D6F90082B875 /* Assets.xcassets */,
				D639B8D02551D6F90082B875 /* LaunchScreen.storyboard */,
				D639B8D32551D6F90082B875 /* Info.plist */,
			);
			path = ME;
			sourceTree = "<group>";
		};
		D639B8DA2551D7000082B875 /* APP */ = {
			isa = PBXGroup;
			children = (
				D639B8C52551D6F60082B875 /* AppDelegate.swift */,
				D639B8C72551D6F60082B875 /* SceneDelegate.swift */,
			);
			path = APP;
			sourceTree = "<group>";
		};
		D639B8DC2551D70C0082B875 /* View */ = {
			isa = PBXGroup;
			children = (
				D639B8CB2551D6F60082B875 /* Main.storyboard */,
			);
			path = View;
			sourceTree = "<group>";
		};
		D639B8DE2551D7180082B875 /* Controllers */ = {
			isa = PBXGroup;
			children = (
				D639B8C92551D6F60082B875 /* HomeViewController.swift */,
				D6F06B1D25521599001BBE69 /* UserNotificationManager.swift */,
				D6F06B0F25521200001BBE69 /* SwipeTableVC.swift */,
				D6F06AFC2552078D001BBE69 /* DetailsTableViewController.swift */,
				D6F06B0C255211B5001BBE69 /* DoNowTableVC.swift */,
				D6F06B1325521330001BBE69 /* ScheduleTableVC.swift */,
				D6F06B172552134C001BBE69 /* DelegateTableVC.swift */,
				D6F06B1A2552135D001BBE69 /* DeleteTableVC.swift */,
			);
			path = Controllers;
			sourceTree = "<group>";
		};
		D6F06B0225520A90001BBE69 /* Models */ = {
			isa = PBXGroup;
			children = (
				D6F06AFF25520A7C001BBE69 /* Realm.swift */,
				D6F06B0425520AA4001BBE69 /* Tasks.swift */,
				D67147792552FA7E008D2429 /* CustomBtn.swift */,
			);
			path = Models;
			sourceTree = "<group>";
		};
/* End PBXGroup section */

/* Begin PBXNativeTarget section */
		D639B8C12551D6F60082B875 /* ME */ = {
			isa = PBXNativeTarget;
			buildConfigurationList = D639B8D62551D6F90082B875 /* Build configuration list for PBXNativeTarget "ME" */;
			buildPhases = (
				F5FB8B820CF1884F099E6E48 /* [CP] Check Pods Manifest.lock */,
				D639B8BE2551D6F60082B875 /* Sources */,
				D639B8BF2551D6F60082B875 /* Frameworks */,
				D639B8C02551D6F60082B875 /* Resources */,
				8A8F78102AE8F70A09F422EA /* [CP] Embed Pods Frameworks */,
			);
			buildRules = (
			);
			dependencies = (
			);
			name = ME;
			productName = ME;
			productReference = D639B8C22551D6F60082B875 /* ME.app */;
			productType = "com.apple.product-type.application";
		};
/* End PBXNativeTarget section */

/* Begin PBXProject section */
		D639B8BA2551D6F60082B875 /* Project object */ = {
			isa = PBXProject;
			attributes = {
				LastSwiftUpdateCheck = 1200;
				LastUpgradeCheck = 1200;
				TargetAttributes = {
					D639B8C12551D6F60082B875 = {
						CreatedOnToolsVersion = 12.0.1;
					};
				};
			};
			buildConfigurationList = D639B8BD2551D6F60082B875 /* Build configuration list for PBXProject "ME" */;
			compatibilityVersion = "Xcode 9.3";
			developmentRegion = en;
			hasScannedForEncodings = 0;
			knownRegions = (
				en,
				Base,
			);
			mainGroup = D639B8B92551D6F60082B875;
			productRefGroup = D639B8C32551D6F60082B875 /* Products */;
			projectDirPath = "";
			projectRoot = "";
			targets = (
				D639B8C12551D6F60082B875 /* ME */,
			);
		};
/* End PBXProject section */

/* Begin PBXResourcesBuildPhase section */
		D639B8C02551D6F60082B875 /* Resources */ = {
			isa = PBXResourcesBuildPhase;
			buildActionMask = 2147483647;
			files = (
				D639B8D22551D6F90082B875 /* LaunchScreen.storyboard in Resources */,
				D639B8CF2551D6F90082B875 /* Assets.xcassets in Resources */,
				D639B8CD2551D6F60082B875 /* Main.storyboard in Resources */,
			);
			runOnlyForDeploymentPostprocessing = 0;
		};
/* End PBXResourcesBuildPhase section */

/* Begin PBXShellScriptBuildPhase section */
		8A8F78102AE8F70A09F422EA /* [CP] Embed Pods Frameworks */ = {
			isa = PBXShellScriptBuildPhase;
			buildActionMask = 2147483647;
			files = (
			);
			inputFileListPaths = (
				"${PODS_ROOT}/Target Support Files/Pods-ME/Pods-ME-frameworks-${CONFIGURATION}-input-files.xcfilelist",
			);
			name = "[CP] Embed Pods Frameworks";
			outputFileListPaths = (
				"${PODS_ROOT}/Target Support Files/Pods-ME/Pods-ME-frameworks-${CONFIGURATION}-output-files.xcfilelist",
			);
			runOnlyForDeploymentPostprocessing = 0;
			shellPath = /bin/sh;
			shellScript = "\"${PODS_ROOT}/Target Support Files/Pods-ME/Pods-ME-frameworks.sh\"\n";
			showEnvVarsInLog = 0;
		};
		F5FB8B820CF1884F099E6E48 /* [CP] Check Pods Manifest.lock */ = {
			isa = PBXShellScriptBuildPhase;
			buildActionMask = 2147483647;
			files = (
			);
			inputFileListPaths = (
			);
			inputPaths = (
				"${PODS_PODFILE_DIR_PATH}/Podfile.lock",
				"${PODS_ROOT}/Manifest.lock",
			);
			name = "[CP] Check Pods Manifest.lock";
			outputFileListPaths = (
			);
			outputPaths = (
				"$(DERIVED_FILE_DIR)/Pods-ME-checkManifestLockResult.txt",
			);
			runOnlyForDeploymentPostprocessing = 0;
			shellPath = /bin/sh;
			shellScript = "diff \"${PODS_PODFILE_DIR_PATH}/Podfile.lock\" \"${PODS_ROOT}/Manifest.lock\" > /dev/null\nif [ $? != 0 ] ; then\n    # print error to STDERR\n    echo \"error: The sandbox is not in sync with the Podfile.lock. Run 'pod install' or update your CocoaPods installation.\" >&2\n    exit 1\nfi\n# This output is used by Xcode 'outputs' to avoid re-running this script phase.\necho \"SUCCESS\" > \"${SCRIPT_OUTPUT_FILE_0}\"\n";
			showEnvVarsInLog = 0;
		};
/* End PBXShellScriptBuildPhase section */

/* Begin PBXSourcesBuildPhase section */
		D639B8BE2551D6F60082B875 /* Sources */ = {
			isa = PBXSourcesBuildPhase;
			buildActionMask = 2147483647;
			files = (
				D6F06B0025520A7C001BBE69 /* Realm.swift in Sources */,
				D6F06AFD2552078D001BBE69 /* DetailsTableViewController.swift in Sources */,
				D6F06B0D255211B5001BBE69 /* DoNowTableVC.swift in Sources */,
				D6F06B1B2552135D001BBE69 /* DeleteTableVC.swift in Sources */,
				D639B8CA2551D6F60082B875 /* HomeViewController.swift in Sources */,
				D671477A2552FA7E008D2429 /* CustomBtn.swift in Sources */,
				D6F06B182552134C001BBE69 /* DelegateTableVC.swift in Sources */,
				D639B8C62551D6F60082B875 /* AppDelegate.swift in Sources */,
				D6F06B0525520AA4001BBE69 /* Tasks.swift in Sources */,
				D6F06B1025521200001BBE69 /* SwipeTableVC.swift in Sources */,
				D6F06B1E25521599001BBE69 /* UserNotificationManager.swift in Sources */,
				D6F06B1425521330001BBE69 /* ScheduleTableVC.swift in Sources */,
				D639B8C82551D6F60082B875 /* SceneDelegate.swift in Sources */,
			);
			runOnlyForDeploymentPostprocessing = 0;
		};
/* End PBXSourcesBuildPhase section */

/* Begin PBXVariantGroup section */
		D639B8CB2551D6F60082B875 /* Main.storyboard */ = {
			isa = PBXVariantGroup;
			children = (
				D639B8CC2551D6F60082B875 /* Base */,
			);
			name = Main.storyboard;
			sourceTree = "<group>";
		};
		D639B8D02551D6F90082B875 /* LaunchScreen.storyboard */ = {
			isa = PBXVariantGroup;
			children = (
				D639B8D12551D6F90082B875 /* Base */,
			);
			name = LaunchScreen.storyboard;
			sourceTree = "<group>";
		};
/* End PBXVariantGroup section */

/* Begin XCBuildConfiguration section */
		D639B8D42551D6F90082B875 /* Debug */ = {
			isa = XCBuildConfiguration;
			buildSettings = {
				ALWAYS_SEARCH_USER_PATHS = NO;
				CLANG_ANALYZER_NONNULL = YES;
				CLANG_ANALYZER_NUMBER_OBJECT_CONVERSION = YES_AGGRESSIVE;
				CLANG_CXX_LANGUAGE_STANDARD = "gnu++14";
				CLANG_CXX_LIBRARY = "libc++";
				CLANG_ENABLE_MODULES = YES;
				CLANG_ENABLE_OBJC_ARC = YES;
				CLANG_ENABLE_OBJC_WEAK = YES;
				CLANG_WARN_BLOCK_CAPTURE_AUTORELEASING = YES;
				CLANG_WARN_BOOL_CONVERSION = YES;
				CLANG_WARN_COMMA = YES;
				CLANG_WARN_CONSTANT_CONVERSION = YES;
				CLANG_WARN_DEPRECATED_OBJC_IMPLEMENTATIONS = YES;
				CLANG_WARN_DIRECT_OBJC_ISA_USAGE = YES_ERROR;
				CLANG_WARN_DOCUMENTATION_COMMENTS = YES;
				CLANG_WARN_EMPTY_BODY = YES;
				CLANG_WARN_ENUM_CONVERSION = YES;
				CLANG_WARN_INFINITE_RECURSION = YES;
				CLANG_WARN_INT_CONVERSION = YES;
				CLANG_WARN_NON_LITERAL_NULL_CONVERSION = YES;
				CLANG_WARN_OBJC_IMPLICIT_RETAIN_SELF = YES;
				CLANG_WARN_OBJC_LITERAL_CONVERSION = YES;
				CLANG_WARN_OBJC_ROOT_CLASS = YES_ERROR;
				CLANG_WARN_QUOTED_INCLUDE_IN_FRAMEWORK_HEADER = YES;
				CLANG_WARN_RANGE_LOOP_ANALYSIS = YES;
				CLANG_WARN_STRICT_PROTOTYPES = YES;
				CLANG_WARN_SUSPICIOUS_MOVE = YES;
				CLANG_WARN_UNGUARDED_AVAILABILITY = YES_AGGRESSIVE;
				CLANG_WARN_UNREACHABLE_CODE = YES;
				CLANG_WARN__DUPLICATE_METHOD_MATCH = YES;
				COPY_PHASE_STRIP = NO;
				DEBUG_INFORMATION_FORMAT = dwarf;
				ENABLE_STRICT_OBJC_MSGSEND = YES;
				ENABLE_TESTABILITY = YES;
				GCC_C_LANGUAGE_STANDARD = gnu11;
				GCC_DYNAMIC_NO_PIC = NO;
				GCC_NO_COMMON_BLOCKS = YES;
				GCC_OPTIMIZATION_LEVEL = 0;
				GCC_PREPROCESSOR_DEFINITIONS = (
					"DEBUG=1",
					"$(inherited)",
				);
				GCC_WARN_64_TO_32_BIT_CONVERSION = YES;
				GCC_WARN_ABOUT_RETURN_TYPE = YES_ERROR;
				GCC_WARN_UNDECLARED_SELECTOR = YES;
				GCC_WARN_UNINITIALIZED_AUTOS = YES_AGGRESSIVE;
				GCC_WARN_UNUSED_FUNCTION = YES;
				GCC_WARN_UNUSED_VARIABLE = YES;
				IPHONEOS_DEPLOYMENT_TARGET = 14.0;
				MTL_ENABLE_DEBUG_INFO = INCLUDE_SOURCE;
				MTL_FAST_MATH = YES;
				ONLY_ACTIVE_ARCH = YES;
				SDKROOT = iphoneos;
				SWIFT_ACTIVE_COMPILATION_CONDITIONS = DEBUG;
				SWIFT_OPTIMIZATION_LEVEL = "-Onone";
			};
			name = Debug;
		};
		D639B8D52551D6F90082B875 /* Release */ = {
			isa = XCBuildConfiguration;
			buildSettings = {
				ALWAYS_SEARCH_USER_PATHS = NO;
				CLANG_ANALYZER_NONNULL = YES;
				CLANG_ANALYZER_NUMBER_OBJECT_CONVERSION = YES_AGGRESSIVE;
				CLANG_CXX_LANGUAGE_STANDARD = "gnu++14";
				CLANG_CXX_LIBRARY = "libc++";
				CLANG_ENABLE_MODULES = YES;
				CLANG_ENABLE_OBJC_ARC = YES;
				CLANG_ENABLE_OBJC_WEAK = YES;
				CLANG_WARN_BLOCK_CAPTURE_AUTORELEASING = YES;
				CLANG_WARN_BOOL_CONVERSION = YES;
				CLANG_WARN_COMMA = YES;
				CLANG_WARN_CONSTANT_CONVERSION = YES;
				CLANG_WARN_DEPRECATED_OBJC_IMPLEMENTATIONS = YES;
				CLANG_WARN_DIRECT_OBJC_ISA_USAGE = YES_ERROR;
				CLANG_WARN_DOCUMENTATION_COMMENTS = YES;
				CLANG_WARN_EMPTY_BODY = YES;
				CLANG_WARN_ENUM_CONVERSION = YES;
				CLANG_WARN_INFINITE_RECURSION = YES;
				CLANG_WARN_INT_CONVERSION = YES;
				CLANG_WARN_NON_LITERAL_NULL_CONVERSION = YES;
				CLANG_WARN_OBJC_IMPLICIT_RETAIN_SELF = YES;
				CLANG_WARN_OBJC_LITERAL_CONVERSION = YES;
				CLANG_WARN_OBJC_ROOT_CLASS = YES_ERROR;
				CLANG_WARN_QUOTED_INCLUDE_IN_FRAMEWORK_HEADER = YES;
				CLANG_WARN_RANGE_LOOP_ANALYSIS = YES;
				CLANG_WARN_STRICT_PROTOTYPES = YES;
				CLANG_WARN_SUSPICIOUS_MOVE = YES;
				CLANG_WARN_UNGUARDED_AVAILABILITY = YES_AGGRESSIVE;
				CLANG_WARN_UNREACHABLE_CODE = YES;
				CLANG_WARN__DUPLICATE_METHOD_MATCH = YES;
				COPY_PHASE_STRIP = NO;
				DEBUG_INFORMATION_FORMAT = "dwarf-with-dsym";
				ENABLE_NS_ASSERTIONS = NO;
				ENABLE_STRICT_OBJC_MSGSEND = YES;
				GCC_C_LANGUAGE_STANDARD = gnu11;
				GCC_NO_COMMON_BLOCKS = YES;
				GCC_WARN_64_TO_32_BIT_CONVERSION = YES;
				GCC_WARN_ABOUT_RETURN_TYPE = YES_ERROR;
				GCC_WARN_UNDECLARED_SELECTOR = YES;
				GCC_WARN_UNINITIALIZED_AUTOS = YES_AGGRESSIVE;
				GCC_WARN_UNUSED_FUNCTION = YES;
				GCC_WARN_UNUSED_VARIABLE = YES;
				IPHONEOS_DEPLOYMENT_TARGET = 14.0;
				MTL_ENABLE_DEBUG_INFO = NO;
				MTL_FAST_MATH = YES;
				SDKROOT = iphoneos;
				SWIFT_COMPILATION_MODE = wholemodule;
				SWIFT_OPTIMIZATION_LEVEL = "-O";
				VALIDATE_PRODUCT = YES;
			};
			name = Release;
		};
		D639B8D72551D6F90082B875 /* Debug */ = {
			isa = XCBuildConfiguration;
			baseConfigurationReference = B9ABBB9A50EC987A1192DD10 /* Pods-ME.debug.xcconfig */;
			buildSettings = {
				ASSETCATALOG_COMPILER_APPICON_NAME = AppIcon;
				ASSETCATALOG_COMPILER_GLOBAL_ACCENT_COLOR_NAME = AccentColor;
				CODE_SIGN_STYLE = Automatic;
				DEVELOPMENT_TEAM = X8VM9X4JZM;
				INFOPLIST_FILE = ME/Info.plist;
				LD_RUNPATH_SEARCH_PATHS = (
					"$(inherited)",
					"@executable_path/Frameworks",
				);
				PRODUCT_BUNDLE_IDENTIFIER = com.veranika.ME;
				PRODUCT_NAME = "$(TARGET_NAME)";
				SWIFT_VERSION = 5.0;
				TARGETED_DEVICE_FAMILY = "1,2";
			};
			name = Debug;
		};
		D639B8D82551D6F90082B875 /* Release */ = {
			isa = XCBuildConfiguration;
			baseConfigurationReference = 1EED8E76E7BB525198C3F20E /* Pods-ME.release.xcconfig */;
			buildSettings = {
				ASSETCATALOG_COMPILER_APPICON_NAME = AppIcon;
				ASSETCATALOG_COMPILER_GLOBAL_ACCENT_COLOR_NAME = AccentColor;
				CODE_SIGN_STYLE = Automatic;
				DEVELOPMENT_TEAM = X8VM9X4JZM;
				INFOPLIST_FILE = ME/Info.plist;
				LD_RUNPATH_SEARCH_PATHS = (
					"$(inherited)",
					"@executable_path/Frameworks",
				);
				PRODUCT_BUNDLE_IDENTIFIER = com.veranika.ME;
				PRODUCT_NAME = "$(TARGET_NAME)";
				SWIFT_VERSION = 5.0;
				TARGETED_DEVICE_FAMILY = "1,2";
			};
			name = Release;
		};
/* End XCBuildConfiguration section */

/* Begin XCConfigurationList section */
		D639B8BD2551D6F60082B875 /* Build configuration list for PBXProject "ME" */ = {
			isa = XCConfigurationList;
			buildConfigurations = (
				D639B8D42551D6F90082B875 /* Debug */,
				D639B8D52551D6F90082B875 /* Release */,
			);
			defaultConfigurationIsVisible = 0;
			defaultConfigurationName = Release;
		};
		D639B8D62551D6F90082B875 /* Build configuration list for PBXNativeTarget "ME" */ = {
			isa = XCConfigurationList;
			buildConfigurations = (
				D639B8D72551D6F90082B875 /* Debug */,
				D639B8D82551D6F90082B875 /* Release */,
			);
			defaultConfigurationIsVisible = 0;
			defaultConfigurationName = Release;
		};
/* End XCConfigurationList section */
	};
	rootObject = D639B8BA2551D6F60082B875 /* Project object */;
}
